
Microsoft Visual Studio Solution File, Format Version 12.00
# Visual Studio Version 17
VisualStudioVersion = 17.5.33516.290
MinimumVisualStudioVersion = 10.0.40219.1
Project("{2150E333-8FDC-42A3-9474-1A3956D46DE8}") = "Internal", "Internal", "{7A334DC9-FE3F-4480-845C-25096EBD3EB6}"
EndProject
Project("{2150E333-8FDC-42A3-9474-1A3956D46DE8}") = "Scripts", "Scripts", "{593F7762-15D5-465B-81FD-475215695E3F}"
EndProject
Project("{2150E333-8FDC-42A3-9474-1A3956D46DE8}") = "Dlls", "Dlls", "{50D28D6A-8C3A-4D3B-90D1-35A33243E1FF}"
	ProjectSection(SolutionItems) = preProject
		Dlls\AboutThisFolder.md = Dlls\AboutThisFolder.md
	EndProjectSection
EndProject
Project("{2150E333-8FDC-42A3-9474-1A3956D46DE8}") = "CompanionFiles", "CompanionFiles", "{27FEBD4A-63AF-4646-800D-97B869F1E322}"
EndProject
Project("{2150E333-8FDC-42A3-9474-1A3956D46DE8}") = "Skyline DataMiner", "Skyline DataMiner", "{47C7B623-8F2F-4642-8B4A-0672EE468E50}"
	ProjectSection(SolutionItems) = preProject
		CompanionFiles\Skyline DataMiner\AboutThisFolder.md = CompanionFiles\Skyline DataMiner\AboutThisFolder.md
	EndProjectSection
EndProject
Project("{2150E333-8FDC-42A3-9474-1A3956D46DE8}") = "Documentation", "Documentation", "{963C9C42-E3C3-483D-ACE5-BFA64A71E201}"
	ProjectSection(SolutionItems) = preProject
		Documentation\AboutThisFolder.md = Documentation\AboutThisFolder.md
		README.md = README.md
	EndProjectSection
EndProject
Project("{2150E333-8FDC-42A3-9474-1A3956D46DE8}") = "Code Analysis", "Code Analysis", "{160F6165-1B19-4194-AFE6-3E28AA239651}"
	ProjectSection(SolutionItems) = preProject
		Internal\Code Analysis\qaction-debug.ruleset = Internal\Code Analysis\qaction-debug.ruleset
		Internal\Code Analysis\qaction-release.ruleset = Internal\Code Analysis\qaction-release.ruleset
	EndProjectSection
EndProject
Project("{2150E333-8FDC-42A3-9474-1A3956D46DE8}") = "GQI_NevionVideoIPath_GetTags", "GQI_NevionVideoIPath_GetTags", "{7E494BFD-5D25-405E-ACC6-8A195E38788F}"
	ProjectSection(SolutionItems) = preProject
		GQI_NevionVideoIPath_GetTags.xml = GQI_NevionVideoIPath_GetTags.xml
	EndProjectSection
EndProject
Project("{2150E333-8FDC-42A3-9474-1A3956D46DE8}") = "Actions", "Actions", "{E5EC0779-8FF3-48EF-B192-09D45DA770E3}"
EndProject
Project("{FAE04EC0-301F-11D3-BF4B-00C04F79EFBC}") = "GQI_NevionVideoIPath_GetTags", "GQI_NevionVideoIPath_GetTags\GQI_NevionVideoIPath_GetTags.csproj", "{65C4C806-395E-44C3-BADB-33A2575CACAF}"
EndProject
Project("{2150E333-8FDC-42A3-9474-1A3956D46DE8}") = "DisconnectServices", "DisconnectServices", "{F6E013DA-F1B0-4F71-B275-DA6C0CCBBDF4}"
	ProjectSection(SolutionItems) = preProject
		DisconnectServices.xml = DisconnectServices.xml
	EndProjectSection
EndProject
Project("{2150E333-8FDC-42A3-9474-1A3956D46DE8}") = "Actions", "Actions", "{EC737409-DE24-45CB-BFD9-A3CDC312BD12}"
EndProject
Project("{FAE04EC0-301F-11D3-BF4B-00C04F79EFBC}") = "DisconnectServices_1", "DisconnectServices_1\DisconnectServices_1.csproj", "{D0E9ED30-836B-4A2B-B0EE-1B758B071427}"
EndProject
Project("{2150E333-8FDC-42A3-9474-1A3956D46DE8}") = "ScheduleServices", "ScheduleServices", "{CEA1B5E7-BB13-4AA6-AC9A-5CF6DDE5B030}"
	ProjectSection(SolutionItems) = preProject
		ScheduleServices.xml = ScheduleServices.xml
	EndProjectSection
EndProject
Project("{2150E333-8FDC-42A3-9474-1A3956D46DE8}") = "Actions", "Actions", "{4DCCC498-99D1-4CDD-9AF1-7A09864E343C}"
EndProject
Project("{FAE04EC0-301F-11D3-BF4B-00C04F79EFBC}") = "ScheduleServices_1", "ScheduleServices_1\ScheduleServices_1.csproj", "{0B3AD003-5883-4687-84BC-14D97404DD84}"
EndProject
Project("{2150E333-8FDC-42A3-9474-1A3956D46DE8}") = "ConnectServices", "ConnectServices", "{F3EFEFFC-5146-493B-825C-FCC3A3E26DCD}"
	ProjectSection(SolutionItems) = preProject
		ConnectServices.xml = ConnectServices.xml
	EndProjectSection
EndProject
Project("{2150E333-8FDC-42A3-9474-1A3956D46DE8}") = "Actions", "Actions", "{828C94F5-F957-4A09-8E40-6C4BDA8837EA}"
EndProject
Project("{FAE04EC0-301F-11D3-BF4B-00C04F79EFBC}") = "ConnectServices_1", "ConnectServices_1\ConnectServices_1.csproj", "{347E552E-D6F4-4A35-B5A2-F259EC87EAEF}"
EndProject
Project("{2150E333-8FDC-42A3-9474-1A3956D46DE8}") = "Services", "Services", "{93230EAF-8C3B-44B0-96B2-9092F166A0C8}"
EndProject
Project("{2150E333-8FDC-42A3-9474-1A3956D46DE8}") = "GQI", "GQI", "{A5F96D06-DEB8-49A8-B58A-74B24B264661}"
EndProject
Project("{2150E333-8FDC-42A3-9474-1A3956D46DE8}") = "GQI_NevionVideoIPath_GetSources", "GQI_NevionVideoIPath_GetSources", "{33E539DD-E3D7-40A9-B347-53AD3963F802}"
	ProjectSection(SolutionItems) = preProject
		GQI_NevionVideoIPath_GetSources.xml = GQI_NevionVideoIPath_GetSources.xml
	EndProjectSection
EndProject
Project("{2150E333-8FDC-42A3-9474-1A3956D46DE8}") = "Actions", "Actions", "{F2C0D301-8E19-4E69-9B2D-B6E4AEE52AC1}"
EndProject
Project("{FAE04EC0-301F-11D3-BF4B-00C04F79EFBC}") = "GQI_NevionVideoIPath_GetSources_1", "GQI_NevionVideoIPath_GetSources_1\GQI_NevionVideoIPath_GetSources_1.csproj", "{F43843CF-C0F5-4160-912A-BAEBF5CF2649}"
EndProject
Project("{2150E333-8FDC-42A3-9474-1A3956D46DE8}") = "GQI_NevionVideoIPath_GetDestinations", "GQI_NevionVideoIPath_GetDestinations", "{476E569A-94C7-46BE-BD79-00877DF3DF72}"
	ProjectSection(SolutionItems) = preProject
		GQI_NevionVideoIPath_GetDestinations.xml = GQI_NevionVideoIPath_GetDestinations.xml
	EndProjectSection
EndProject
Project("{2150E333-8FDC-42A3-9474-1A3956D46DE8}") = "Actions", "Actions", "{54F71850-018B-40CF-AAC1-994C43495B98}"
EndProject
Project("{FAE04EC0-301F-11D3-BF4B-00C04F79EFBC}") = "GQI_NevionVideoIPath_GetDestinations_1", "GQI_NevionVideoIPath_GetDestinations_1\GQI_NevionVideoIPath_GetDestinations_1.csproj", "{FDE62181-0D66-459D-B17B-260925CAB08B}"
EndProject
Project("{2150E333-8FDC-42A3-9474-1A3956D46DE8}") = "CancelService", "CancelService", "{1CFCAF28-BA23-4606-9683-3805EFDF5461}"
	ProjectSection(SolutionItems) = preProject
		CancelService.xml = CancelService.xml
	EndProjectSection
EndProject
Project("{2150E333-8FDC-42A3-9474-1A3956D46DE8}") = "Actions", "Actions", "{D1713575-95C2-4B4D-BA33-DAAF0537E266}"
EndProject
Project("{FAE04EC0-301F-11D3-BF4B-00C04F79EFBC}") = "CancelService_1", "CancelService_1\CancelService_1.csproj", "{C891CD1C-2EFD-4722-815E-EDF66A636148}"
EndProject
Project("{2150E333-8FDC-42A3-9474-1A3956D46DE8}") = "GQI_NevionVideoIPath_GetDestinationsByTags", "GQI_NevionVideoIPath_GetDestinationsByTags", "{2D9D6F83-120D-4124-81DA-152DC4F75589}"
	ProjectSection(SolutionItems) = preProject
		GQI_NevionVideoIPath_GetDestinationsByTags.xml = GQI_NevionVideoIPath_GetDestinationsByTags.xml
	EndProjectSection
EndProject
Project("{2150E333-8FDC-42A3-9474-1A3956D46DE8}") = "Actions", "Actions", "{236B6FEC-9956-4D3C-A627-90965D504995}"
EndProject
Project("{FAE04EC0-301F-11D3-BF4B-00C04F79EFBC}") = "GQI_NevionVideoIPath_GetDestinationsByTags_1", "GQI_NevionVideoIPath_GetDestinationsByTags_1\GQI_NevionVideoIPath_GetDestinationsByTags_1.csproj", "{F02E85C1-6334-40FC-99B0-F7C994792BB8}"
EndProject
Project("{2150E333-8FDC-42A3-9474-1A3956D46DE8}") = "Edit Profiles", "Edit Profiles", "{E026ADB5-E627-4C47-9C7E-23A217A00AA0}"
	ProjectSection(SolutionItems) = preProject
		Edit Profiles.xml = Edit Profiles.xml
	EndProjectSection
EndProject
Project("{2150E333-8FDC-42A3-9474-1A3956D46DE8}") = "Actions", "Actions", "{B0EAD362-96EA-46BD-B016-251DD0BA0FBF}"
EndProject
Project("{FAE04EC0-301F-11D3-BF4B-00C04F79EFBC}") = "Edit Profiles_1", "Edit Profiles_1\Edit Profiles_1.csproj", "{D9A4842A-8569-45AB-AD3F-84793340B307}"
EndProject
Project("{2150E333-8FDC-42A3-9474-1A3956D46DE8}") = "Profiles", "Profiles", "{F5C42EE9-9471-4FB7-B4BA-E8C70F48D23A}"
EndProject
Project("{D954291E-2A0B-460D-934E-DC6B0785DB48}") = "NevionSharedUtils", "NevionSharedUtils\NevionSharedUtils.shproj", "{BBAB90A1-70A8-437A-82DF-52AFB77FA433}"
EndProject
Project("{2150E333-8FDC-42A3-9474-1A3956D46DE8}") = "SharedLibrary", "SharedLibrary", "{02EA681E-C7D8-13C7-8484-4AC65E1B71E8}"
EndProject
Project("{2150E333-8FDC-42A3-9474-1A3956D46DE8}") = "GQI_NevionVideoIPath_GetFilteredProfiles", "GQI_NevionVideoIPath_GetFilteredProfiles", "{ECE140F0-BB6B-47A6-BA06-8F352AD1C160}"
	ProjectSection(SolutionItems) = preProject
		GQI_NevionVideoIPath_GetFilteredProfiles.xml = GQI_NevionVideoIPath_GetFilteredProfiles.xml
	EndProjectSection
EndProject
Project("{2150E333-8FDC-42A3-9474-1A3956D46DE8}") = "Actions", "Actions", "{5F48EABA-6600-4199-BB42-9770EA3DB769}"
EndProject
Project("{FAE04EC0-301F-11D3-BF4B-00C04F79EFBC}") = "GQI_NevionVideoIPath_GetFilteredProfiles_1", "GQI_NevionVideoIPath_GetFilteredProfiles_1\GQI_NevionVideoIPath_GetFilteredProfiles_1.csproj", "{833FEC06-8516-4B9A-939A-5DA911E77197}"
EndProject
Project("{2150E333-8FDC-42A3-9474-1A3956D46DE8}") = "Select TAG Audio", "Select TAG Audio", "{BD6B2761-9682-4917-94B4-BA095B24C342}"
	ProjectSection(SolutionItems) = preProject
		Select TAG Audio.xml = Select TAG Audio.xml
	EndProjectSection
EndProject
Project("{2150E333-8FDC-42A3-9474-1A3956D46DE8}") = "Actions", "Actions", "{C704728F-EB59-4F7D-A130-7C8D80F80517}"
EndProject
Project("{FAE04EC0-301F-11D3-BF4B-00C04F79EFBC}") = "Select TAG Audio_1", "Select TAG Audio_1\Select TAG Audio_1.csproj", "{0FC26BF7-27A5-4756-8333-F8C07DDB5FEF}"
EndProject
Project("{2150E333-8FDC-42A3-9474-1A3956D46DE8}") = "NevionCommon", "NevionCommon", "{CB765D91-EC28-4B1B-9E66-E5F6F2B3C69B}"
	ProjectSection(SolutionItems) = preProject
		NevionCommon.xml = NevionCommon.xml
	EndProjectSection
EndProject
Project("{2150E333-8FDC-42A3-9474-1A3956D46DE8}") = "Actions", "Actions", "{78198113-3B49-4BAE-BAFD-A93012808907}"
EndProject
Project("{FAE04EC0-301F-11D3-BF4B-00C04F79EFBC}") = "NevionCommon_1", "NevionCommon_1\NevionCommon_1.csproj", "{6220C6BF-2C8D-4E82-9F4B-879D814E2DD9}"
EndProject
Project("{2150E333-8FDC-42A3-9474-1A3956D46DE8}") = "Cleanup TAG Audio Task", "Cleanup TAG Audio Task", "{6FBAF2EF-777F-4044-AF99-ADC25A69EC5E}"
	ProjectSection(SolutionItems) = preProject
		Cleanup TAG Audio Task.xml = Cleanup TAG Audio Task.xml
	EndProjectSection
EndProject
Project("{2150E333-8FDC-42A3-9474-1A3956D46DE8}") = "Actions", "Actions", "{A4D7C813-7022-46BC-AACD-9E1F63EC8874}"
EndProject
Project("{FAE04EC0-301F-11D3-BF4B-00C04F79EFBC}") = "Cleanup TAG Audio Task_1", "Cleanup TAG Audio Task_1\Cleanup TAG Audio Task_1.csproj", "{BB826465-AB28-464B-8B29-D147A2357ED4}"
EndProject
Project("{2150E333-8FDC-42A3-9474-1A3956D46DE8}") = "GQI_NevionVideoIPath_GetOutputs", "GQI_NevionVideoIPath_GetOutputs", "{D2A0A092-781C-42B0-9D5F-08357EF5A700}"
	ProjectSection(SolutionItems) = preProject
		GQI_NevionVideoIPath_GetOutputs.xml = GQI_NevionVideoIPath_GetOutputs.xml
	EndProjectSection
EndProject
Project("{2150E333-8FDC-42A3-9474-1A3956D46DE8}") = "Actions", "Actions", "{5B812237-4A33-41C7-A361-22DC986ED2D4}"
EndProject
Project("{FAE04EC0-301F-11D3-BF4B-00C04F79EFBC}") = "GQI_NevionVideoIPath_GetOutputs_1", "GQI_NevionVideoIPath_GetOutputs_1\GQI_NevionVideoIPath_GetOutputs_1.csproj", "{472B3661-4B6E-415F-B508-96AF0A7BE1CC}"
EndProject
Project("{2150E333-8FDC-42A3-9474-1A3956D46DE8}") = "GQI_TagMCS_GetChannelsByOutput", "GQI_TagMCS_GetChannelsByOutput", "{B1D87DB2-3D76-4159-B3C9-229A3D35B7DE}"
	ProjectSection(SolutionItems) = preProject
		GQI_TagMCS_GetChannelsByOutput.xml = GQI_TagMCS_GetChannelsByOutput.xml
	EndProjectSection
EndProject
Project("{2150E333-8FDC-42A3-9474-1A3956D46DE8}") = "Actions", "Actions", "{1E32800C-0639-4E70-A817-0DE944DAAB4C}"
EndProject
Project("{FAE04EC0-301F-11D3-BF4B-00C04F79EFBC}") = "GQI_TagMCS_GetChannelsByOutput_1", "GQI_TagMCS_GetChannelsByOutput_1\GQI_TagMCS_GetChannelsByOutput_1.csproj", "{67817D64-4CC4-46DF-AF50-8A489D369C98}"
EndProject
Global
	GlobalSection(SolutionConfigurationPlatforms) = preSolution
		Debug|Any CPU = Debug|Any CPU
		Release|Any CPU = Release|Any CPU
	EndGlobalSection
	GlobalSection(ProjectConfigurationPlatforms) = postSolution
		{65C4C806-395E-44C3-BADB-33A2575CACAF}.Debug|Any CPU.ActiveCfg = Debug|Any CPU
		{65C4C806-395E-44C3-BADB-33A2575CACAF}.Debug|Any CPU.Build.0 = Debug|Any CPU
		{65C4C806-395E-44C3-BADB-33A2575CACAF}.Release|Any CPU.ActiveCfg = Release|Any CPU
		{65C4C806-395E-44C3-BADB-33A2575CACAF}.Release|Any CPU.Build.0 = Release|Any CPU
		{D0E9ED30-836B-4A2B-B0EE-1B758B071427}.Debug|Any CPU.ActiveCfg = Debug|Any CPU
		{D0E9ED30-836B-4A2B-B0EE-1B758B071427}.Debug|Any CPU.Build.0 = Debug|Any CPU
		{D0E9ED30-836B-4A2B-B0EE-1B758B071427}.Release|Any CPU.ActiveCfg = Release|Any CPU
		{D0E9ED30-836B-4A2B-B0EE-1B758B071427}.Release|Any CPU.Build.0 = Release|Any CPU
		{0B3AD003-5883-4687-84BC-14D97404DD84}.Debug|Any CPU.ActiveCfg = Debug|Any CPU
		{0B3AD003-5883-4687-84BC-14D97404DD84}.Debug|Any CPU.Build.0 = Debug|Any CPU
		{0B3AD003-5883-4687-84BC-14D97404DD84}.Release|Any CPU.ActiveCfg = Release|Any CPU
		{0B3AD003-5883-4687-84BC-14D97404DD84}.Release|Any CPU.Build.0 = Release|Any CPU
		{347E552E-D6F4-4A35-B5A2-F259EC87EAEF}.Debug|Any CPU.ActiveCfg = Debug|Any CPU
		{347E552E-D6F4-4A35-B5A2-F259EC87EAEF}.Debug|Any CPU.Build.0 = Debug|Any CPU
		{347E552E-D6F4-4A35-B5A2-F259EC87EAEF}.Release|Any CPU.ActiveCfg = Release|Any CPU
		{347E552E-D6F4-4A35-B5A2-F259EC87EAEF}.Release|Any CPU.Build.0 = Release|Any CPU
		{F43843CF-C0F5-4160-912A-BAEBF5CF2649}.Debug|Any CPU.ActiveCfg = Debug|Any CPU
		{F43843CF-C0F5-4160-912A-BAEBF5CF2649}.Debug|Any CPU.Build.0 = Debug|Any CPU
		{F43843CF-C0F5-4160-912A-BAEBF5CF2649}.Release|Any CPU.ActiveCfg = Release|Any CPU
		{F43843CF-C0F5-4160-912A-BAEBF5CF2649}.Release|Any CPU.Build.0 = Release|Any CPU
		{FDE62181-0D66-459D-B17B-260925CAB08B}.Debug|Any CPU.ActiveCfg = Debug|Any CPU
		{FDE62181-0D66-459D-B17B-260925CAB08B}.Debug|Any CPU.Build.0 = Debug|Any CPU
		{FDE62181-0D66-459D-B17B-260925CAB08B}.Release|Any CPU.ActiveCfg = Release|Any CPU
		{FDE62181-0D66-459D-B17B-260925CAB08B}.Release|Any CPU.Build.0 = Release|Any CPU
		{C891CD1C-2EFD-4722-815E-EDF66A636148}.Debug|Any CPU.ActiveCfg = Debug|Any CPU
		{C891CD1C-2EFD-4722-815E-EDF66A636148}.Debug|Any CPU.Build.0 = Debug|Any CPU
		{C891CD1C-2EFD-4722-815E-EDF66A636148}.Release|Any CPU.ActiveCfg = Release|Any CPU
		{C891CD1C-2EFD-4722-815E-EDF66A636148}.Release|Any CPU.Build.0 = Release|Any CPU
		{F02E85C1-6334-40FC-99B0-F7C994792BB8}.Debug|Any CPU.ActiveCfg = Debug|Any CPU
		{F02E85C1-6334-40FC-99B0-F7C994792BB8}.Debug|Any CPU.Build.0 = Debug|Any CPU
		{F02E85C1-6334-40FC-99B0-F7C994792BB8}.Release|Any CPU.ActiveCfg = Release|Any CPU
		{F02E85C1-6334-40FC-99B0-F7C994792BB8}.Release|Any CPU.Build.0 = Release|Any CPU
		{D9A4842A-8569-45AB-AD3F-84793340B307}.Debug|Any CPU.ActiveCfg = Debug|Any CPU
		{D9A4842A-8569-45AB-AD3F-84793340B307}.Debug|Any CPU.Build.0 = Debug|Any CPU
		{D9A4842A-8569-45AB-AD3F-84793340B307}.Release|Any CPU.ActiveCfg = Release|Any CPU
		{D9A4842A-8569-45AB-AD3F-84793340B307}.Release|Any CPU.Build.0 = Release|Any CPU
		{833FEC06-8516-4B9A-939A-5DA911E77197}.Debug|Any CPU.ActiveCfg = Debug|Any CPU
		{833FEC06-8516-4B9A-939A-5DA911E77197}.Debug|Any CPU.Build.0 = Debug|Any CPU
		{833FEC06-8516-4B9A-939A-5DA911E77197}.Release|Any CPU.ActiveCfg = Release|Any CPU
		{833FEC06-8516-4B9A-939A-5DA911E77197}.Release|Any CPU.Build.0 = Release|Any CPU
		{0FC26BF7-27A5-4756-8333-F8C07DDB5FEF}.Debug|Any CPU.ActiveCfg = Debug|Any CPU
		{0FC26BF7-27A5-4756-8333-F8C07DDB5FEF}.Debug|Any CPU.Build.0 = Debug|Any CPU
		{0FC26BF7-27A5-4756-8333-F8C07DDB5FEF}.Release|Any CPU.ActiveCfg = Release|Any CPU
		{0FC26BF7-27A5-4756-8333-F8C07DDB5FEF}.Release|Any CPU.Build.0 = Release|Any CPU
		{6220C6BF-2C8D-4E82-9F4B-879D814E2DD9}.Debug|Any CPU.ActiveCfg = Debug|Any CPU
		{6220C6BF-2C8D-4E82-9F4B-879D814E2DD9}.Debug|Any CPU.Build.0 = Debug|Any CPU
		{6220C6BF-2C8D-4E82-9F4B-879D814E2DD9}.Release|Any CPU.ActiveCfg = Release|Any CPU
		{6220C6BF-2C8D-4E82-9F4B-879D814E2DD9}.Release|Any CPU.Build.0 = Release|Any CPU
		{BB826465-AB28-464B-8B29-D147A2357ED4}.Debug|Any CPU.ActiveCfg = Debug|Any CPU
		{BB826465-AB28-464B-8B29-D147A2357ED4}.Debug|Any CPU.Build.0 = Debug|Any CPU
		{BB826465-AB28-464B-8B29-D147A2357ED4}.Release|Any CPU.ActiveCfg = Release|Any CPU
		{BB826465-AB28-464B-8B29-D147A2357ED4}.Release|Any CPU.Build.0 = Release|Any CPU
		{472B3661-4B6E-415F-B508-96AF0A7BE1CC}.Debug|Any CPU.ActiveCfg = Debug|Any CPU
		{472B3661-4B6E-415F-B508-96AF0A7BE1CC}.Debug|Any CPU.Build.0 = Debug|Any CPU
		{472B3661-4B6E-415F-B508-96AF0A7BE1CC}.Release|Any CPU.ActiveCfg = Release|Any CPU
		{472B3661-4B6E-415F-B508-96AF0A7BE1CC}.Release|Any CPU.Build.0 = Release|Any CPU
		{67817D64-4CC4-46DF-AF50-8A489D369C98}.Debug|Any CPU.ActiveCfg = Debug|Any CPU
		{67817D64-4CC4-46DF-AF50-8A489D369C98}.Debug|Any CPU.Build.0 = Debug|Any CPU
		{67817D64-4CC4-46DF-AF50-8A489D369C98}.Release|Any CPU.ActiveCfg = Release|Any CPU
		{67817D64-4CC4-46DF-AF50-8A489D369C98}.Release|Any CPU.Build.0 = Release|Any CPU
	EndGlobalSection
	GlobalSection(SolutionProperties) = preSolution
		HideSolutionNode = FALSE
	EndGlobalSection
	GlobalSection(NestedProjects) = preSolution
		{47C7B623-8F2F-4642-8B4A-0672EE468E50} = {27FEBD4A-63AF-4646-800D-97B869F1E322}
		{160F6165-1B19-4194-AFE6-3E28AA239651} = {7A334DC9-FE3F-4480-845C-25096EBD3EB6}
		{7E494BFD-5D25-405E-ACC6-8A195E38788F} = {A5F96D06-DEB8-49A8-B58A-74B24B264661}
		{E5EC0779-8FF3-48EF-B192-09D45DA770E3} = {7E494BFD-5D25-405E-ACC6-8A195E38788F}
		{65C4C806-395E-44C3-BADB-33A2575CACAF} = {E5EC0779-8FF3-48EF-B192-09D45DA770E3}
		{F6E013DA-F1B0-4F71-B275-DA6C0CCBBDF4} = {93230EAF-8C3B-44B0-96B2-9092F166A0C8}
		{EC737409-DE24-45CB-BFD9-A3CDC312BD12} = {F6E013DA-F1B0-4F71-B275-DA6C0CCBBDF4}
		{D0E9ED30-836B-4A2B-B0EE-1B758B071427} = {EC737409-DE24-45CB-BFD9-A3CDC312BD12}
		{CEA1B5E7-BB13-4AA6-AC9A-5CF6DDE5B030} = {93230EAF-8C3B-44B0-96B2-9092F166A0C8}
		{4DCCC498-99D1-4CDD-9AF1-7A09864E343C} = {CEA1B5E7-BB13-4AA6-AC9A-5CF6DDE5B030}
		{0B3AD003-5883-4687-84BC-14D97404DD84} = {4DCCC498-99D1-4CDD-9AF1-7A09864E343C}
		{F3EFEFFC-5146-493B-825C-FCC3A3E26DCD} = {93230EAF-8C3B-44B0-96B2-9092F166A0C8}
		{828C94F5-F957-4A09-8E40-6C4BDA8837EA} = {F3EFEFFC-5146-493B-825C-FCC3A3E26DCD}
		{347E552E-D6F4-4A35-B5A2-F259EC87EAEF} = {828C94F5-F957-4A09-8E40-6C4BDA8837EA}
		{93230EAF-8C3B-44B0-96B2-9092F166A0C8} = {593F7762-15D5-465B-81FD-475215695E3F}
		{A5F96D06-DEB8-49A8-B58A-74B24B264661} = {593F7762-15D5-465B-81FD-475215695E3F}
		{33E539DD-E3D7-40A9-B347-53AD3963F802} = {A5F96D06-DEB8-49A8-B58A-74B24B264661}
		{F2C0D301-8E19-4E69-9B2D-B6E4AEE52AC1} = {33E539DD-E3D7-40A9-B347-53AD3963F802}
		{F43843CF-C0F5-4160-912A-BAEBF5CF2649} = {F2C0D301-8E19-4E69-9B2D-B6E4AEE52AC1}
		{476E569A-94C7-46BE-BD79-00877DF3DF72} = {A5F96D06-DEB8-49A8-B58A-74B24B264661}
		{54F71850-018B-40CF-AAC1-994C43495B98} = {476E569A-94C7-46BE-BD79-00877DF3DF72}
		{FDE62181-0D66-459D-B17B-260925CAB08B} = {54F71850-018B-40CF-AAC1-994C43495B98}
		{1CFCAF28-BA23-4606-9683-3805EFDF5461} = {93230EAF-8C3B-44B0-96B2-9092F166A0C8}
		{D1713575-95C2-4B4D-BA33-DAAF0537E266} = {1CFCAF28-BA23-4606-9683-3805EFDF5461}
		{C891CD1C-2EFD-4722-815E-EDF66A636148} = {D1713575-95C2-4B4D-BA33-DAAF0537E266}
		{2D9D6F83-120D-4124-81DA-152DC4F75589} = {A5F96D06-DEB8-49A8-B58A-74B24B264661}
		{236B6FEC-9956-4D3C-A627-90965D504995} = {2D9D6F83-120D-4124-81DA-152DC4F75589}
		{F02E85C1-6334-40FC-99B0-F7C994792BB8} = {236B6FEC-9956-4D3C-A627-90965D504995}
		{E026ADB5-E627-4C47-9C7E-23A217A00AA0} = {F5C42EE9-9471-4FB7-B4BA-E8C70F48D23A}
		{B0EAD362-96EA-46BD-B016-251DD0BA0FBF} = {E026ADB5-E627-4C47-9C7E-23A217A00AA0}
		{D9A4842A-8569-45AB-AD3F-84793340B307} = {B0EAD362-96EA-46BD-B016-251DD0BA0FBF}
		{F5C42EE9-9471-4FB7-B4BA-E8C70F48D23A} = {593F7762-15D5-465B-81FD-475215695E3F}
		{BBAB90A1-70A8-437A-82DF-52AFB77FA433} = {02EA681E-C7D8-13C7-8484-4AC65E1B71E8}
		{02EA681E-C7D8-13C7-8484-4AC65E1B71E8} = {593F7762-15D5-465B-81FD-475215695E3F}
		{ECE140F0-BB6B-47A6-BA06-8F352AD1C160} = {A5F96D06-DEB8-49A8-B58A-74B24B264661}
		{5F48EABA-6600-4199-BB42-9770EA3DB769} = {ECE140F0-BB6B-47A6-BA06-8F352AD1C160}
		{833FEC06-8516-4B9A-939A-5DA911E77197} = {5F48EABA-6600-4199-BB42-9770EA3DB769}
		{BD6B2761-9682-4917-94B4-BA095B24C342} = {593F7762-15D5-465B-81FD-475215695E3F}
		{C704728F-EB59-4F7D-A130-7C8D80F80517} = {BD6B2761-9682-4917-94B4-BA095B24C342}
		{0FC26BF7-27A5-4756-8333-F8C07DDB5FEF} = {C704728F-EB59-4F7D-A130-7C8D80F80517}
		{CB765D91-EC28-4B1B-9E66-E5F6F2B3C69B} = {593F7762-15D5-465B-81FD-475215695E3F}
		{78198113-3B49-4BAE-BAFD-A93012808907} = {CB765D91-EC28-4B1B-9E66-E5F6F2B3C69B}
		{6220C6BF-2C8D-4E82-9F4B-879D814E2DD9} = {78198113-3B49-4BAE-BAFD-A93012808907}
		{6FBAF2EF-777F-4044-AF99-ADC25A69EC5E} = {593F7762-15D5-465B-81FD-475215695E3F}
		{A4D7C813-7022-46BC-AACD-9E1F63EC8874} = {6FBAF2EF-777F-4044-AF99-ADC25A69EC5E}
		{BB826465-AB28-464B-8B29-D147A2357ED4} = {A4D7C813-7022-46BC-AACD-9E1F63EC8874}
		{D2A0A092-781C-42B0-9D5F-08357EF5A700} = {A5F96D06-DEB8-49A8-B58A-74B24B264661}
		{5B812237-4A33-41C7-A361-22DC986ED2D4} = {D2A0A092-781C-42B0-9D5F-08357EF5A700}
		{472B3661-4B6E-415F-B508-96AF0A7BE1CC} = {5B812237-4A33-41C7-A361-22DC986ED2D4}
		{B1D87DB2-3D76-4159-B3C9-229A3D35B7DE} = {A5F96D06-DEB8-49A8-B58A-74B24B264661}
		{1E32800C-0639-4E70-A817-0DE944DAAB4C} = {B1D87DB2-3D76-4159-B3C9-229A3D35B7DE}
		{67817D64-4CC4-46DF-AF50-8A489D369C98} = {1E32800C-0639-4E70-A817-0DE944DAAB4C}
	EndGlobalSection
	GlobalSection(ExtensibilityGlobals) = postSolution
		SolutionGuid = {D725A676-34B2-415E-B7A0-B037D947C360}
	EndGlobalSection
	GlobalSection(SharedMSBuildProjectFiles) = preSolution
		NevionSharedUtils\NevionSharedUtils.projitems*{472b3661-4b6e-415f-b508-96af0a7be1cc}*SharedItemsImports = 4
		NevionSharedUtils\NevionSharedUtils.projitems*{6220c6bf-2c8d-4e82-9f4b-879d814e2dd9}*SharedItemsImports = 4
		NevionSharedUtils\NevionSharedUtils.projitems*{65c4c806-395e-44c3-badb-33a2575cacaf}*SharedItemsImports = 4
		NevionSharedUtils\NevionSharedUtils.projitems*{67817d64-4cc4-46df-af50-8a489d369c98}*SharedItemsImports = 4
		NevionSharedUtils\NevionSharedUtils.projitems*{833fec06-8516-4b9a-939a-5da911e77197}*SharedItemsImports = 4
		NevionSharedUtils\NevionSharedUtils.projitems*{bbab90a1-70a8-437a-82df-52afb77fa433}*SharedItemsImports = 13
		NevionSharedUtils\NevionSharedUtils.projitems*{f02e85c1-6334-40fc-99b0-f7c994792bb8}*SharedItemsImports = 4
		NevionSharedUtils\NevionSharedUtils.projitems*{f43843cf-c0f5-4160-912a-baebf5cf2649}*SharedItemsImports = 4
	EndGlobalSection
EndGlobal
